
Microsoft Visual Studio Solution File, Format Version 12.00
# Visual Studio Version 17
VisualStudioVersion = 17.5.002.0
MinimumVisualStudioVersion = 10.0.40219.1
Project("{9A19103F-16F7-4668-BE54-9A1E7A4F7556}") = "Homework_6", "Task_1\Homework_6.csproj", "{C55BE46F-68D9-4CC9-86C2-32C6FB93312E}"
EndProject
Project("{9A19103F-16F7-4668-BE54-9A1E7A4F7556}") = "Task_2", "Task_2\Task_2.csproj", "{1715D3A5-232D-47C1-8E27-9621EE291E45}"
EndProject
Global
	GlobalSection(SolutionConfigurationPlatforms) = preSolution
		Debug|Any CPU = Debug|Any CPU
		Release|Any CPU = Release|Any CPU
	EndGlobalSection
	GlobalSection(ProjectConfigurationPlatforms) = postSolution
		{C55BE46F-68D9-4CC9-86C2-32C6FB93312E}.Debug|Any CPU.ActiveCfg = Debug|Any CPU
		{C55BE46F-68D9-4CC9-86C2-32C6FB93312E}.Debug|Any CPU.Build.0 = Debug|Any CPU
		{C55BE46F-68D9-4CC9-86C2-32C6FB93312E}.Release|Any CPU.ActiveCfg = Release|Any CPU
		{C55BE46F-68D9-4CC9-86C2-32C6FB93312E}.Release|Any CPU.Build.0 = Release|Any CPU
		{1715D3A5-232D-47C1-8E27-9621EE291E45}.Debug|Any CPU.ActiveCfg = Debug|Any CPU
		{1715D3A5-232D-47C1-8E27-9621EE291E45}.Debug|Any CPU.Build.0 = Debug|Any CPU
		{1715D3A5-232D-47C1-8E27-9621EE291E45}.Release|Any CPU.ActiveCfg = Release|Any CPU
		{1715D3A5-232D-47C1-8E27-9621EE291E45}.Release|Any CPU.Build.0 = Release|Any CPU
	EndGlobalSection
	GlobalSection(SolutionProperties) = preSolution
		HideSolutionNode = FALSE
	EndGlobalSection
	GlobalSection(ExtensibilityGlobals) = postSolution
		SolutionGuid = {C8CE201B-93AC-4A30-A5D1-6DBCC169E948}
	EndGlobalSection
EndGlobal
